// !$*UTF8*$!
{
	archiveVersion = 1;
	classes = {
	};
	objectVersion = 55;
	objects = {

/* Begin PBXBuildFile section */
		F01C27B8290EB5BF0060B60B /* Networking.docc in Sources */ = {isa = PBXBuildFile; fileRef = F01C27B7290EB5BF0060B60B /* Networking.docc */; };
		F01C27BE290EB5C00060B60B /* Networking.framework in Frameworks */ = {isa = PBXBuildFile; fileRef = F01C27B3290EB5BF0060B60B /* Networking.framework */; };
		F01C27C3290EB5C00060B60B /* NetworkingTests.swift in Sources */ = {isa = PBXBuildFile; fileRef = F01C27C2290EB5C00060B60B /* NetworkingTests.swift */; };
		F01C27C4290EB5C00060B60B /* Networking.h in Headers */ = {isa = PBXBuildFile; fileRef = F01C27B6290EB5BF0060B60B /* Networking.h */; settings = {ATTRIBUTES = (Public, ); }; };
		F01C27F7290EB6DD0060B60B /* NetworkManager.swift in Sources */ = {isa = PBXBuildFile; fileRef = F01C27ED290EB6DD0060B60B /* NetworkManager.swift */; };
		F01C27F8290EB6DD0060B60B /* NetworkManagerError.swift in Sources */ = {isa = PBXBuildFile; fileRef = F01C27EE290EB6DD0060B60B /* NetworkManagerError.swift */; };
		F01C27F9290EB6DD0060B60B /* APIEndpoints.swift in Sources */ = {isa = PBXBuildFile; fileRef = F01C27F0290EB6DD0060B60B /* APIEndpoints.swift */; };
		F01C27FA290EB6DD0060B60B /* Endpoint.swift in Sources */ = {isa = PBXBuildFile; fileRef = F01C27F1290EB6DD0060B60B /* Endpoint.swift */; };
		F01C27FB290EB6DD0060B60B /* NetworkRequest.swift in Sources */ = {isa = PBXBuildFile; fileRef = F01C27F2290EB6DD0060B60B /* NetworkRequest.swift */; };
		F01C27FC290EB6DD0060B60B /* HTTPMethod.swift in Sources */ = {isa = PBXBuildFile; fileRef = F01C27F4290EB6DD0060B60B /* HTTPMethod.swift */; };
		F01C27FD290EB6DD0060B60B /* HTTPHeader.swift in Sources */ = {isa = PBXBuildFile; fileRef = F01C27F5290EB6DD0060B60B /* HTTPHeader.swift */; };
		F01C27FE290EB6DD0060B60B /* HTTPStatusCode.swift in Sources */ = {isa = PBXBuildFile; fileRef = F01C27F6290EB6DD0060B60B /* HTTPStatusCode.swift */; };
/* End PBXBuildFile section */

/* Begin PBXContainerItemProxy section */
		F01C27BF290EB5C00060B60B /* PBXContainerItemProxy */ = {
			isa = PBXContainerItemProxy;
			containerPortal = F01C27AA290EB5BF0060B60B /* Project object */;
			proxyType = 1;
			remoteGlobalIDString = F01C27B2290EB5BF0060B60B;
			remoteInfo = Networking;
		};
/* End PBXContainerItemProxy section */

/* Begin PBXFileReference section */
		F01C27B3290EB5BF0060B60B /* Networking.framework */ = {isa = PBXFileReference; explicitFileType = wrapper.framework; includeInIndex = 0; path = Networking.framework; sourceTree = BUILT_PRODUCTS_DIR; };
		F01C27B6290EB5BF0060B60B /* Networking.h */ = {isa = PBXFileReference; lastKnownFileType = sourcecode.c.h; path = Networking.h; sourceTree = "<group>"; };
		F01C27B7290EB5BF0060B60B /* Networking.docc */ = {isa = PBXFileReference; lastKnownFileType = folder.documentationcatalog; path = Networking.docc; sourceTree = "<group>"; };
		F01C27BD290EB5C00060B60B /* NetworkingTests.xctest */ = {isa = PBXFileReference; explicitFileType = wrapper.cfbundle; includeInIndex = 0; path = NetworkingTests.xctest; sourceTree = BUILT_PRODUCTS_DIR; };
		F01C27C2290EB5C00060B60B /* NetworkingTests.swift */ = {isa = PBXFileReference; lastKnownFileType = sourcecode.swift; path = NetworkingTests.swift; sourceTree = "<group>"; };
		F01C27ED290EB6DD0060B60B /* NetworkManager.swift */ = {isa = PBXFileReference; fileEncoding = 4; lastKnownFileType = sourcecode.swift; path = NetworkManager.swift; sourceTree = "<group>"; };
		F01C27EE290EB6DD0060B60B /* NetworkManagerError.swift */ = {isa = PBXFileReference; fileEncoding = 4; lastKnownFileType = sourcecode.swift; path = NetworkManagerError.swift; sourceTree = "<group>"; };
		F01C27F0290EB6DD0060B60B /* APIEndpoints.swift */ = {isa = PBXFileReference; fileEncoding = 4; lastKnownFileType = sourcecode.swift; path = APIEndpoints.swift; sourceTree = "<group>"; };
		F01C27F1290EB6DD0060B60B /* Endpoint.swift */ = {isa = PBXFileReference; fileEncoding = 4; lastKnownFileType = sourcecode.swift; path = Endpoint.swift; sourceTree = "<group>"; };
		F01C27F2290EB6DD0060B60B /* NetworkRequest.swift */ = {isa = PBXFileReference; fileEncoding = 4; lastKnownFileType = sourcecode.swift; path = NetworkRequest.swift; sourceTree = "<group>"; };
		F01C27F4290EB6DD0060B60B /* HTTPMethod.swift */ = {isa = PBXFileReference; fileEncoding = 4; lastKnownFileType = sourcecode.swift; path = HTTPMethod.swift; sourceTree = "<group>"; };
		F01C27F5290EB6DD0060B60B /* HTTPHeader.swift */ = {isa = PBXFileReference; fileEncoding = 4; lastKnownFileType = sourcecode.swift; path = HTTPHeader.swift; sourceTree = "<group>"; };
		F01C27F6290EB6DD0060B60B /* HTTPStatusCode.swift */ = {isa = PBXFileReference; fileEncoding = 4; lastKnownFileType = sourcecode.swift; path = HTTPStatusCode.swift; sourceTree = "<group>"; };
		F01C2801290EB9220060B60B /* README.md */ = {isa = PBXFileReference; fileEncoding = 4; lastKnownFileType = net.daringfireball.markdown; path = README.md; sourceTree = "<group>"; };
/* End PBXFileReference section */

/* Begin PBXFrameworksBuildPhase section */
		F01C27B0290EB5BF0060B60B /* Frameworks */ = {
			isa = PBXFrameworksBuildPhase;
			buildActionMask = 2147483647;
			files = (
			);
			runOnlyForDeploymentPostprocessing = 0;
		};
		F01C27BA290EB5C00060B60B /* Frameworks */ = {
			isa = PBXFrameworksBuildPhase;
			buildActionMask = 2147483647;
			files = (
				F01C27BE290EB5C00060B60B /* Networking.framework in Frameworks */,
			);
			runOnlyForDeploymentPostprocessing = 0;
		};
/* End PBXFrameworksBuildPhase section */

/* Begin PBXGroup section */
		F01C27A9290EB5BF0060B60B = {
			isa = PBXGroup;
			children = (
				F01C2801290EB9220060B60B /* README.md */,
				F01C27B5290EB5BF0060B60B /* Networking */,
				F01C27C1290EB5C00060B60B /* NetworkingTests */,
				F01C27B4290EB5BF0060B60B /* Products */,
			);
			sourceTree = "<group>";
		};
		F01C27B4290EB5BF0060B60B /* Products */ = {
			isa = PBXGroup;
			children = (
				F01C27B3290EB5BF0060B60B /* Networking.framework */,
				F01C27BD290EB5C00060B60B /* NetworkingTests.xctest */,
			);
			name = Products;
			sourceTree = "<group>";
		};
		F01C27B5290EB5BF0060B60B /* Networking */ = {
			isa = PBXGroup;
			children = (
				F01C27EF290EB6DD0060B60B /* Endpoints */,
				F01C27F3290EB6DD0060B60B /* HTTPConstants */,
				F01C27ED290EB6DD0060B60B /* NetworkManager.swift */,
				F01C27EE290EB6DD0060B60B /* NetworkManagerError.swift */,
				F01C27F2290EB6DD0060B60B /* NetworkRequest.swift */,
				F01C27B6290EB5BF0060B60B /* Networking.h */,
				F01C27B7290EB5BF0060B60B /* Networking.docc */,
			);
			path = Networking;
			sourceTree = "<group>";
		};
		F01C27C1290EB5C00060B60B /* NetworkingTests */ = {
			isa = PBXGroup;
			children = (
				F01C27C2290EB5C00060B60B /* NetworkingTests.swift */,
			);
			path = NetworkingTests;
			sourceTree = "<group>";
		};
		F01C27EF290EB6DD0060B60B /* Endpoints */ = {
			isa = PBXGroup;
			children = (
				F01C27F0290EB6DD0060B60B /* APIEndpoints.swift */,
				F01C27F1290EB6DD0060B60B /* Endpoint.swift */,
			);
			path = Endpoints;
			sourceTree = "<group>";
		};
		F01C27F3290EB6DD0060B60B /* HTTPConstants */ = {
			isa = PBXGroup;
			children = (
				F01C27F4290EB6DD0060B60B /* HTTPMethod.swift */,
				F01C27F5290EB6DD0060B60B /* HTTPHeader.swift */,
				F01C27F6290EB6DD0060B60B /* HTTPStatusCode.swift */,
			);
			path = HTTPConstants;
			sourceTree = "<group>";
		};
/* End PBXGroup section */

/* Begin PBXHeadersBuildPhase section */
		F01C27AE290EB5BF0060B60B /* Headers */ = {
			isa = PBXHeadersBuildPhase;
			buildActionMask = 2147483647;
			files = (
				F01C27C4290EB5C00060B60B /* Networking.h in Headers */,
			);
			runOnlyForDeploymentPostprocessing = 0;
		};
/* End PBXHeadersBuildPhase section */

/* Begin PBXNativeTarget section */
		F01C27B2290EB5BF0060B60B /* Networking */ = {
			isa = PBXNativeTarget;
			buildConfigurationList = F01C27C7290EB5C00060B60B /* Build configuration list for PBXNativeTarget "Networking" */;
			buildPhases = (
				F01C27AE290EB5BF0060B60B /* Headers */,
				F01C27AF290EB5BF0060B60B /* Sources */,
				F01C27B0290EB5BF0060B60B /* Frameworks */,
				F01C27B1290EB5BF0060B60B /* Resources */,
			);
			buildRules = (
			);
			dependencies = (
			);
			name = Networking;
			productName = Networking;
			productReference = F01C27B3290EB5BF0060B60B /* Networking.framework */;
			productType = "com.apple.product-type.framework";
		};
		F01C27BC290EB5C00060B60B /* NetworkingTests */ = {
			isa = PBXNativeTarget;
			buildConfigurationList = F01C27CA290EB5C00060B60B /* Build configuration list for PBXNativeTarget "NetworkingTests" */;
			buildPhases = (
				F01C27B9290EB5C00060B60B /* Sources */,
				F01C27BA290EB5C00060B60B /* Frameworks */,
				F01C27BB290EB5C00060B60B /* Resources */,
			);
			buildRules = (
			);
			dependencies = (
				F01C27C0290EB5C00060B60B /* PBXTargetDependency */,
			);
			name = NetworkingTests;
			productName = NetworkingTests;
			productReference = F01C27BD290EB5C00060B60B /* NetworkingTests.xctest */;
			productType = "com.apple.product-type.bundle.unit-test";
		};
/* End PBXNativeTarget section */

/* Begin PBXProject section */
		F01C27AA290EB5BF0060B60B /* Project object */ = {
			isa = PBXProject;
			attributes = {
				BuildIndependentTargetsInParallel = 1;
				LastSwiftUpdateCheck = 1340;
				LastUpgradeCheck = 1340;
				TargetAttributes = {
					F01C27B2290EB5BF0060B60B = {
						CreatedOnToolsVersion = 13.4.1;
					};
					F01C27BC290EB5C00060B60B = {
						CreatedOnToolsVersion = 13.4.1;
					};
				};
			};
			buildConfigurationList = F01C27AD290EB5BF0060B60B /* Build configuration list for PBXProject "Networking" */;
			compatibilityVersion = "Xcode 13.0";
			developmentRegion = en;
			hasScannedForEncodings = 0;
			knownRegions = (
				en,
				Base,
			);
			mainGroup = F01C27A9290EB5BF0060B60B;
			productRefGroup = F01C27B4290EB5BF0060B60B /* Products */;
			projectDirPath = "";
			projectRoot = "";
			targets = (
				F01C27B2290EB5BF0060B60B /* Networking */,
				F01C27BC290EB5C00060B60B /* NetworkingTests */,
			);
		};
/* End PBXProject section */

/* Begin PBXResourcesBuildPhase section */
		F01C27B1290EB5BF0060B60B /* Resources */ = {
			isa = PBXResourcesBuildPhase;
			buildActionMask = 2147483647;
			files = (
			);
			runOnlyForDeploymentPostprocessing = 0;
		};
		F01C27BB290EB5C00060B60B /* Resources */ = {
			isa = PBXResourcesBuildPhase;
			buildActionMask = 2147483647;
			files = (
			);
			runOnlyForDeploymentPostprocessing = 0;
		};
/* End PBXResourcesBuildPhase section */

/* Begin PBXSourcesBuildPhase section */
		F01C27AF290EB5BF0060B60B /* Sources */ = {
			isa = PBXSourcesBuildPhase;
			buildActionMask = 2147483647;
			files = (
				F01C27F7290EB6DD0060B60B /* NetworkManager.swift in Sources */,
				F01C27F8290EB6DD0060B60B /* NetworkManagerError.swift in Sources */,
				F01C27FC290EB6DD0060B60B /* HTTPMethod.swift in Sources */,
				F01C27B8290EB5BF0060B60B /* Networking.docc in Sources */,
				F01C27FD290EB6DD0060B60B /* HTTPHeader.swift in Sources */,
				F01C27F9290EB6DD0060B60B /* APIEndpoints.swift in Sources */,
				F01C27FE290EB6DD0060B60B /* HTTPStatusCode.swift in Sources */,
				F01C27FB290EB6DD0060B60B /* NetworkRequest.swift in Sources */,
				F01C27FA290EB6DD0060B60B /* Endpoint.swift in Sources */,
			);
			runOnlyForDeploymentPostprocessing = 0;
		};
		F01C27B9290EB5C00060B60B /* Sources */ = {
			isa = PBXSourcesBuildPhase;
			buildActionMask = 2147483647;
			files = (
				F01C27C3290EB5C00060B60B /* NetworkingTests.swift in Sources */,
			);
			runOnlyForDeploymentPostprocessing = 0;
		};
/* End PBXSourcesBuildPhase section */

/* Begin PBXTargetDependency section */
		F01C27C0290EB5C00060B60B /* PBXTargetDependency */ = {
			isa = PBXTargetDependency;
			target = F01C27B2290EB5BF0060B60B /* Networking */;
			targetProxy = F01C27BF290EB5C00060B60B /* PBXContainerItemProxy */;
		};
/* End PBXTargetDependency section */

/* Begin XCBuildConfiguration section */
		F01C27C5290EB5C00060B60B /* Debug */ = {
			isa = XCBuildConfiguration;
			buildSettings = {
				ALWAYS_SEARCH_USER_PATHS = NO;
				CLANG_ANALYZER_NONNULL = YES;
				CLANG_ANALYZER_NUMBER_OBJECT_CONVERSION = YES_AGGRESSIVE;
				CLANG_CXX_LANGUAGE_STANDARD = "gnu++17";
				CLANG_ENABLE_MODULES = YES;
				CLANG_ENABLE_OBJC_ARC = YES;
				CLANG_ENABLE_OBJC_WEAK = YES;
				CLANG_WARN_BLOCK_CAPTURE_AUTORELEASING = YES;
				CLANG_WARN_BOOL_CONVERSION = YES;
				CLANG_WARN_COMMA = YES;
				CLANG_WARN_CONSTANT_CONVERSION = YES;
				CLANG_WARN_DEPRECATED_OBJC_IMPLEMENTATIONS = YES;
				CLANG_WARN_DIRECT_OBJC_ISA_USAGE = YES_ERROR;
				CLANG_WARN_DOCUMENTATION_COMMENTS = YES;
				CLANG_WARN_EMPTY_BODY = YES;
				CLANG_WARN_ENUM_CONVERSION = YES;
				CLANG_WARN_INFINITE_RECURSION = YES;
				CLANG_WARN_INT_CONVERSION = YES;
				CLANG_WARN_NON_LITERAL_NULL_CONVERSION = YES;
				CLANG_WARN_OBJC_IMPLICIT_RETAIN_SELF = YES;
				CLANG_WARN_OBJC_LITERAL_CONVERSION = YES;
				CLANG_WARN_OBJC_ROOT_CLASS = YES_ERROR;
				CLANG_WARN_QUOTED_INCLUDE_IN_FRAMEWORK_HEADER = YES;
				CLANG_WARN_RANGE_LOOP_ANALYSIS = YES;
				CLANG_WARN_STRICT_PROTOTYPES = YES;
				CLANG_WARN_SUSPICIOUS_MOVE = YES;
				CLANG_WARN_UNGUARDED_AVAILABILITY = YES_AGGRESSIVE;
				CLANG_WARN_UNREACHABLE_CODE = YES;
				CLANG_WARN__DUPLICATE_METHOD_MATCH = YES;
				COPY_PHASE_STRIP = NO;
				CURRENT_PROJECT_VERSION = 1;
				DEBUG_INFORMATION_FORMAT = dwarf;
				ENABLE_STRICT_OBJC_MSGSEND = YES;
				ENABLE_TESTABILITY = YES;
				GCC_C_LANGUAGE_STANDARD = gnu11;
				GCC_DYNAMIC_NO_PIC = NO;
				GCC_NO_COMMON_BLOCKS = YES;
				GCC_OPTIMIZATION_LEVEL = 0;
				GCC_PREPROCESSOR_DEFINITIONS = (
					"DEBUG=1",
					"$(inherited)",
				);
				GCC_WARN_64_TO_32_BIT_CONVERSION = YES;
				GCC_WARN_ABOUT_RETURN_TYPE = YES_ERROR;
				GCC_WARN_UNDECLARED_SELECTOR = YES;
				GCC_WARN_UNINITIALIZED_AUTOS = YES_AGGRESSIVE;
				GCC_WARN_UNUSED_FUNCTION = YES;
				GCC_WARN_UNUSED_VARIABLE = YES;
				IPHONEOS_DEPLOYMENT_TARGET = 12.0;
				MTL_ENABLE_DEBUG_INFO = INCLUDE_SOURCE;
				MTL_FAST_MATH = YES;
				ONLY_ACTIVE_ARCH = YES;
				SDKROOT = iphoneos;
				SWIFT_ACTIVE_COMPILATION_CONDITIONS = DEBUG;
				SWIFT_OPTIMIZATION_LEVEL = "-Onone";
				VERSIONING_SYSTEM = "apple-generic";
				VERSION_INFO_PREFIX = "";
			};
			name = Debug;
		};
		F01C27C6290EB5C00060B60B /* Release */ = {
			isa = XCBuildConfiguration;
			buildSettings = {
				ALWAYS_SEARCH_USER_PATHS = NO;
				CLANG_ANALYZER_NONNULL = YES;
				CLANG_ANALYZER_NUMBER_OBJECT_CONVERSION = YES_AGGRESSIVE;
				CLANG_CXX_LANGUAGE_STANDARD = "gnu++17";
				CLANG_ENABLE_MODULES = YES;
				CLANG_ENABLE_OBJC_ARC = YES;
				CLANG_ENABLE_OBJC_WEAK = YES;
				CLANG_WARN_BLOCK_CAPTURE_AUTORELEASING = YES;
				CLANG_WARN_BOOL_CONVERSION = YES;
				CLANG_WARN_COMMA = YES;
				CLANG_WARN_CONSTANT_CONVERSION = YES;
				CLANG_WARN_DEPRECATED_OBJC_IMPLEMENTATIONS = YES;
				CLANG_WARN_DIRECT_OBJC_ISA_USAGE = YES_ERROR;
				CLANG_WARN_DOCUMENTATION_COMMENTS = YES;
				CLANG_WARN_EMPTY_BODY = YES;
				CLANG_WARN_ENUM_CONVERSION = YES;
				CLANG_WARN_INFINITE_RECURSION = YES;
				CLANG_WARN_INT_CONVERSION = YES;
				CLANG_WARN_NON_LITERAL_NULL_CONVERSION = YES;
				CLANG_WARN_OBJC_IMPLICIT_RETAIN_SELF = YES;
				CLANG_WARN_OBJC_LITERAL_CONVERSION = YES;
				CLANG_WARN_OBJC_ROOT_CLASS = YES_ERROR;
				CLANG_WARN_QUOTED_INCLUDE_IN_FRAMEWORK_HEADER = YES;
				CLANG_WARN_RANGE_LOOP_ANALYSIS = YES;
				CLANG_WARN_STRICT_PROTOTYPES = YES;
				CLANG_WARN_SUSPICIOUS_MOVE = YES;
				CLANG_WARN_UNGUARDED_AVAILABILITY = YES_AGGRESSIVE;
				CLANG_WARN_UNREACHABLE_CODE = YES;
				CLANG_WARN__DUPLICATE_METHOD_MATCH = YES;
				COPY_PHASE_STRIP = NO;
				CURRENT_PROJECT_VERSION = 1;
				DEBUG_INFORMATION_FORMAT = "dwarf-with-dsym";
				ENABLE_NS_ASSERTIONS = NO;
				ENABLE_STRICT_OBJC_MSGSEND = YES;
				GCC_C_LANGUAGE_STANDARD = gnu11;
				GCC_NO_COMMON_BLOCKS = YES;
				GCC_WARN_64_TO_32_BIT_CONVERSION = YES;
				GCC_WARN_ABOUT_RETURN_TYPE = YES_ERROR;
				GCC_WARN_UNDECLARED_SELECTOR = YES;
				GCC_WARN_UNINITIALIZED_AUTOS = YES_AGGRESSIVE;
				GCC_WARN_UNUSED_FUNCTION = YES;
				GCC_WARN_UNUSED_VARIABLE = YES;
				IPHONEOS_DEPLOYMENT_TARGET = 12.0;
				MTL_ENABLE_DEBUG_INFO = NO;
				MTL_FAST_MATH = YES;
				SDKROOT = iphoneos;
				SWIFT_COMPILATION_MODE = wholemodule;
				SWIFT_OPTIMIZATION_LEVEL = "-O";
				VALIDATE_PRODUCT = YES;
				VERSIONING_SYSTEM = "apple-generic";
				VERSION_INFO_PREFIX = "";
			};
			name = Release;
		};
		F01C27C8290EB5C00060B60B /* Debug */ = {
			isa = XCBuildConfiguration;
			buildSettings = {
				CODE_SIGN_STYLE = Automatic;
				CURRENT_PROJECT_VERSION = 1;
				DEFINES_MODULE = YES;
				DEVELOPMENT_TEAM = H8V3Y2JKY7;
				DYLIB_COMPATIBILITY_VERSION = 1;
				DYLIB_CURRENT_VERSION = 1;
				DYLIB_INSTALL_NAME_BASE = "@rpath";
				GENERATE_INFOPLIST_FILE = YES;
				INFOPLIST_KEY_NSHumanReadableCopyright = "";
				INSTALL_PATH = "$(LOCAL_LIBRARY_DIR)/Frameworks";
				LD_RUNPATH_SEARCH_PATHS = (
					"$(inherited)",
					"@executable_path/Frameworks",
					"@loader_path/Frameworks",
				);
				MARKETING_VERSION = 1.0;
				PRODUCT_BUNDLE_IDENTIFIER = com.egbad.Networking;
				PRODUCT_NAME = "$(TARGET_NAME:c99extidentifier)";
				SKIP_INSTALL = YES;
				SUPPORTS_MACCATALYST = NO;
				SWIFT_EMIT_LOC_STRINGS = YES;
				SWIFT_VERSION = 5.0;
				TARGETED_DEVICE_FAMILY = 1;
			};
			name = Debug;
		};
		F01C27C9290EB5C00060B60B /* Release */ = {
			isa = XCBuildConfiguration;
			buildSettings = {
				CODE_SIGN_STYLE = Automatic;
				CURRENT_PROJECT_VERSION = 1;
				DEFINES_MODULE = YES;
				DEVELOPMENT_TEAM = H8V3Y2JKY7;
				DYLIB_COMPATIBILITY_VERSION = 1;
				DYLIB_CURRENT_VERSION = 1;
				DYLIB_INSTALL_NAME_BASE = "@rpath";
				GENERATE_INFOPLIST_FILE = YES;
				INFOPLIST_KEY_NSHumanReadableCopyright = "";
				INSTALL_PATH = "$(LOCAL_LIBRARY_DIR)/Frameworks";
				LD_RUNPATH_SEARCH_PATHS = (
					"$(inherited)",
					"@executable_path/Frameworks",
					"@loader_path/Frameworks",
				);
				MARKETING_VERSION = 1.0;
				PRODUCT_BUNDLE_IDENTIFIER = com.egbad.Networking;
				PRODUCT_NAME = "$(TARGET_NAME:c99extidentifier)";
				SKIP_INSTALL = YES;
				SUPPORTS_MACCATALYST = NO;
				SWIFT_EMIT_LOC_STRINGS = YES;
				SWIFT_VERSION = 5.0;
				TARGETED_DEVICE_FAMILY = 1;
			};
			name = Release;
		};
		F01C27CB290EB5C00060B60B /* Debug */ = {
			isa = XCBuildConfiguration;
			buildSettings = {
				ALWAYS_EMBED_SWIFT_STANDARD_LIBRARIES = YES;
				CODE_SIGN_STYLE = Automatic;
				CURRENT_PROJECT_VERSION = 1;
				DEVELOPMENT_TEAM = H8V3Y2JKY7;
				GENERATE_INFOPLIST_FILE = YES;
				MARKETING_VERSION = 1.0;
				PRODUCT_BUNDLE_IDENTIFIER = com.egbad.NetworkingTests;
				PRODUCT_NAME = "$(TARGET_NAME)";
				SWIFT_EMIT_LOC_STRINGS = NO;
				SWIFT_VERSION = 5.0;
				TARGETED_DEVICE_FAMILY = "1,2";
			};
			name = Debug;
		};
		F01C27CC290EB5C00060B60B /* Release */ = {
			isa = XCBuildConfiguration;
			buildSettings = {
				ALWAYS_EMBED_SWIFT_STANDARD_LIBRARIES = YES;
				CODE_SIGN_STYLE = Automatic;
				CURRENT_PROJECT_VERSION = 1;
				DEVELOPMENT_TEAM = H8V3Y2JKY7;
				GENERATE_INFOPLIST_FILE = YES;
				MARKETING_VERSION = 1.0;
				PRODUCT_BUNDLE_IDENTIFIER = com.egbad.NetworkingTests;
				PRODUCT_NAME = "$(TARGET_NAME)";
				SWIFT_EMIT_LOC_STRINGS = NO;
				SWIFT_VERSION = 5.0;
				TARGETED_DEVICE_FAMILY = "1,2";
			};
			name = Release;
		};
/* End XCBuildConfiguration section */

/* Begin XCConfigurationList section */
		F01C27AD290EB5BF0060B60B /* Build configuration list for PBXProject "Networking" */ = {
			isa = XCConfigurationList;
			buildConfigurations = (
				F01C27C5290EB5C00060B60B /* Debug */,
				F01C27C6290EB5C00060B60B /* Release */,
			);
			defaultConfigurationIsVisible = 0;
			defaultConfigurationName = Release;
		};
		F01C27C7290EB5C00060B60B /* Build configuration list for PBXNativeTarget "Networking" */ = {
			isa = XCConfigurationList;
			buildConfigurations = (
				F01C27C8290EB5C00060B60B /* Debug */,
				F01C27C9290EB5C00060B60B /* Release */,
			);
			defaultConfigurationIsVisible = 0;
			defaultConfigurationName = Release;
		};
		F01C27CA290EB5C00060B60B /* Build configuration list for PBXNativeTarget "NetworkingTests" */ = {
			isa = XCConfigurationList;
			buildConfigurations = (
				F01C27CB290EB5C00060B60B /* Debug */,
				F01C27CC290EB5C00060B60B /* Release */,
			);
			defaultConfigurationIsVisible = 0;
			defaultConfigurationName = Release;
		};
/* End XCConfigurationList section */
	};
	rootObject = F01C27AA290EB5BF0060B60B /* Project object */;
}
